
Microsoft Visual Studio Solution File, Format Version 12.00
# Visual Studio 15
VisualStudioVersion = 15.0.28307.645
MinimumVisualStudioVersion = 10.0.40219.1
Project("{FAE04EC0-301F-11D3-BF4B-00C04F79EFBC}") = "FileUploadExample", "FileUploadExample\FileUploadExample.csproj", "{9DE966F5-39E4-4F7D-8D9D-5B83A67A1411}"
EndProject
Global
	GlobalSection(SolutionConfigurationPlatforms) = preSolution
		Debug|Any CPU = Debug|Any CPU
		Release|Any CPU = Release|Any CPU
	EndGlobalSection
	GlobalSection(ProjectConfigurationPlatforms) = postSolution
		{9DE966F5-39E4-4F7D-8D9D-5B83A67A1411}.Debug|Any CPU.ActiveCfg = Debug|Any CPU
		{9DE966F5-39E4-4F7D-8D9D-5B83A67A1411}.Debug|Any CPU.Build.0 = Debug|Any CPU
		{9DE966F5-39E4-4F7D-8D9D-5B83A67A1411}.Release|Any CPU.ActiveCfg = Release|Any CPU
		{9DE966F5-39E4-4F7D-8D9D-5B83A67A1411}.Release|Any CPU.Build.0 = Release|Any CPU
	EndGlobalSection
	GlobalSection(SolutionProperties) = preSolution
		HideSolutionNode = FALSE
	EndGlobalSection
	GlobalSection(ExtensibilityGlobals) = postSolution
		SolutionGuid = {F54E9FD4-F41D-42F1-A2B0-4FB4D28EFCA9}
	EndGlobalSection
EndGlobal
